
Microsoft Visual Studio Solution File, Format Version 12.00
# Visual Studio Version 16
VisualStudioVersion = 16.0.30413.136
MinimumVisualStudioVersion = 10.0.40219.1
Project("{8BC9CEB8-8B4A-11D0-8D11-00A0C91BC942}") = "DigiRain", "DigiRain.vcxproj", "{2E47EDE5-9D29-47A7-88DC-9847221D9888}"
EndProject
Global
	GlobalSection(SolutionConfigurationPlatforms) = preSolution
		Debug|x64 = Debug|x64
		Debug|x86 = Debug|x86
		Release|x64 = Release|x64
		Release|x86 = Release|x86
	EndGlobalSection
	GlobalSection(ProjectConfigurationPlatforms) = postSolution
		{2E47EDE5-9D29-47A7-88DC-9847221D9888}.Debug|x64.ActiveCfg = Debug|x64
		{2E47EDE5-9D29-47A7-88DC-9847221D9888}.Debug|x64.Build.0 = Debug|x64
		{2E47EDE5-9D29-47A7-88DC-9847221D9888}.Debug|x86.ActiveCfg = Debug|Win32
		{2E47EDE5-9D29-47A7-88DC-9847221D9888}.Debug|x86.Build.0 = Debug|Win32
		{2E47EDE5-9D29-47A7-88DC-9847221D9888}.Release|x64.ActiveCfg = Release|x64
		{2E47EDE5-9D29-47A7-88DC-9847221D9888}.Release|x64.Build.0 = Release|x64
		{2E47EDE5-9D29-47A7-88DC-9847221D9888}.Release|x86.ActiveCfg = Release|Win32
		{2E47EDE5-9D29-47A7-88DC-9847221D9888}.Release|x86.Build.0 = Release|Win32
	EndGlobalSection
	GlobalSection(SolutionProperties) = preSolution
		HideSolutionNode = FALSE
	EndGlobalSection
	GlobalSection(ExtensibilityGlobals) = postSolution
		SolutionGuid = {9652798D-91A7-453E-993D-58BE5E5B213F}
	EndGlobalSection
EndGlobal
